# @generated - this file is auto-generated by `mise lock` https://mise.jdx.dev/dev-tools/mise-lock.html

[[tools.cargo-binstall]]
version = "1.17.8"
backend = "aqua:cargo-bins/cargo-binstall"

[tools.cargo-binstall."platforms.linux-arm64"]
checksum = "sha256:81d6245bd1a7a89e914d29af81d82280540e94927e61492a0fc359820cd97abb"
url = "https://github.com/cargo-bins/cargo-binstall/releases/download/v1.17.8/cargo-binstall-aarch64-unknown-linux-musl.tgz"

[tools.cargo-binstall."platforms.linux-arm64-musl"]
checksum = "sha256:81d6245bd1a7a89e914d29af81d82280540e94927e61492a0fc359820cd97abb"
url = "https://github.com/cargo-bins/cargo-binstall/releases/download/v1.17.8/cargo-binstall-aarch64-unknown-linux-musl.tgz"

[tools.cargo-binstall."platforms.linux-x64"]
checksum = "sha256:1da1ef72448db667cc4ae6d48e37451087602c8c07dc61782a4a5e538303e015"
url = "https://github.com/cargo-bins/cargo-binstall/releases/download/v1.17.8/cargo-binstall-x86_64-unknown-linux-musl.tgz"

[tools.cargo-binstall."platforms.linux-x64-musl"]
checksum = "sha256:1da1ef72448db667cc4ae6d48e37451087602c8c07dc61782a4a5e538303e015"
url = "https://github.com/cargo-bins/cargo-binstall/releases/download/v1.17.8/cargo-binstall-x86_64-unknown-linux-musl.tgz"

[tools.cargo-binstall."platforms.macos-arm64"]
checksum = "sha256:af87346fdb186f0a2333bc0a30cfddd6faa98b31145ef1bb19c284aedea65972"
url = "https://github.com/cargo-bins/cargo-binstall/releases/download/v1.17.8/cargo-binstall-aarch64-apple-darwin.zip"

[tools.cargo-binstall."platforms.macos-x64"]
checksum = "sha256:db353e01b582c97382178db9b4dfe22d81109782e480a38f3db953e62f569952"
url = "https://github.com/cargo-bins/cargo-binstall/releases/download/v1.17.8/cargo-binstall-x86_64-apple-darwin.zip"

[tools.cargo-binstall."platforms.windows-x64"]
checksum = "sha256:fef07560d4e391812091bb30c6ed1bd5289f74403a0c947b47b8a8c7a597b51b"
url = "https://github.com/cargo-bins/cargo-binstall/releases/download/v1.17.8/cargo-binstall-x86_64-pc-windows-msvc.zip"

[[tools.powershell]]
version = "7.6.0"
backend = "aqua:PowerShell/PowerShell"

[tools.powershell."platforms.linux-arm64"]
checksum = "sha256:dddf7564fb3b52dc26be5580fc5b4e08eb3fa65b094488aae6d4b3cad5fea460"
url = "https://github.com/PowerShell/PowerShell/releases/download/v7.6.0/powershell-7.6.0-linux-arm64.tar.gz"

[tools.powershell."platforms.linux-arm64-musl"]
checksum = "sha256:dddf7564fb3b52dc26be5580fc5b4e08eb3fa65b094488aae6d4b3cad5fea460"
url = "https://github.com/PowerShell/PowerShell/releases/download/v7.6.0/powershell-7.6.0-linux-arm64.tar.gz"

[tools.powershell."platforms.linux-x64"]
checksum = "sha256:04517472cf57d7f9cbd93897da9bed467c73ca6063c29d7655ebc20aa1d6023f"
url = "https://github.com/PowerShell/PowerShell/releases/download/v7.6.0/powershell-7.6.0-linux-x64.tar.gz"

[tools.powershell."platforms.linux-x64-musl"]
checksum = "sha256:04517472cf57d7f9cbd93897da9bed467c73ca6063c29d7655ebc20aa1d6023f"
url = "https://github.com/PowerShell/PowerShell/releases/download/v7.6.0/powershell-7.6.0-linux-x64.tar.gz"

[tools.powershell."platforms.macos-arm64"]
checksum = "sha256:bb52db90e964ee0b91e93f559b350878c6b27c12fd51830d8eca1793712b9639"
url = "https://github.com/PowerShell/PowerShell/releases/download/v7.6.0/powershell-7.6.0-osx-arm64.tar.gz"

[tools.powershell."platforms.macos-x64"]
checksum = "sha256:7c6279cfead06324451a10ff741883086c9a00f024baea924bb9d3c106fe0c82"
url = "https://github.com/PowerShell/PowerShell/releases/download/v7.6.0/powershell-7.6.0-osx-x64.tar.gz"

[tools.powershell."platforms.windows-x64"]
checksum = "sha256:9e725837af682b87bb212cd1efe3657c06c540404203810857ec2516ae2ca322"
url = "https://github.com/PowerShell/PowerShell/releases/download/v7.6.0/PowerShell-7.6.0-win-x64.zip"

[[tools.regctl]]
version = "0.11.2"
backend = "aqua:regclient/regclient/regctl"

[tools.regctl."platforms.linux-arm64"]
checksum = "sha256:71b8deb028d174a20c134c76c77e054e8792f32c834beea4b4da36b56b2f3513"
url = "https://github.com/regclient/regclient/releases/download/v0.11.2/regctl-linux-arm64"

[tools.regctl."platforms.linux-arm64-musl"]
checksum = "sha256:71b8deb028d174a20c134c76c77e054e8792f32c834beea4b4da36b56b2f3513"
url = "https://github.com/regclient/regclient/releases/download/v0.11.2/regctl-linux-arm64"

[tools.regctl."platforms.linux-x64"]
checksum = "sha256:d79774ee6d3873ba59119b3d4cc9dba850485fbf54a03a17f66fc836bbbe2785"
url = "https://github.com/regclient/regclient/releases/download/v0.11.2/regctl-linux-amd64"

[tools.regctl."platforms.linux-x64-musl"]
checksum = "sha256:d79774ee6d3873ba59119b3d4cc9dba850485fbf54a03a17f66fc836bbbe2785"
url = "https://github.com/regclient/regclient/releases/download/v0.11.2/regctl-linux-amd64"

[tools.regctl."platforms.macos-arm64"]
checksum = "sha256:5613d14758c929a9ca8f452aa617668cd2e82173b31ba53e5cbb2dea8a90b1e3"
url = "https://github.com/regclient/regclient/releases/download/v0.11.2/regctl-darwin-arm64"

[tools.regctl."platforms.macos-x64"]
checksum = "sha256:48149cd51451f4b87226d4fd7f8456f8689ca059e0a88d2fc7aceb6331fc321b"
url = "https://github.com/regclient/regclient/releases/download/v0.11.2/regctl-darwin-amd64"

[tools.regctl."platforms.windows-x64"]
checksum = "sha256:698ae278c412821a487e903f51d30838b176886482a5f953666340a961c452e5"
url = "https://github.com/regclient/regclient/releases/download/v0.11.2/regctl-windows-amd64.exe"

[[tools.regsync]]
version = "0.11.2"
backend = "aqua:regclient/regclient/regsync"

[tools.regsync."platforms.linux-arm64"]
checksum = "sha256:e49ec803f1ef6c5e026bb95ed5f8b25d7ee047dd0f3b58858797330fecddb5e1"
url = "https://github.com/regclient/regclient/releases/download/v0.11.2/regsync-linux-arm64"

[tools.regsync."platforms.linux-arm64-musl"]
checksum = "sha256:e49ec803f1ef6c5e026bb95ed5f8b25d7ee047dd0f3b58858797330fecddb5e1"
url = "https://github.com/regclient/regclient/releases/download/v0.11.2/regsync-linux-arm64"

[tools.regsync."platforms.linux-x64"]
checksum = "sha256:25dc1bcbd1588e15e97c4d1176dd97f4da56f26f69e7afeb85353b7311230530"
url = "https://github.com/regclient/regclient/releases/download/v0.11.2/regsync-linux-amd64"

[tools.regsync."platforms.linux-x64-musl"]
checksum = "sha256:25dc1bcbd1588e15e97c4d1176dd97f4da56f26f69e7afeb85353b7311230530"
url = "https://github.com/regclient/regclient/releases/download/v0.11.2/regsync-linux-amd64"

[tools.regsync."platforms.macos-arm64"]
checksum = "sha256:babf6c0c18ce7e24c83b58f51b42a42bd658c936b319416207eaed804b3c32ea"
url = "https://github.com/regclient/regclient/releases/download/v0.11.2/regsync-darwin-arm64"

[tools.regsync."platforms.macos-x64"]
checksum = "sha256:d69c5ccafaecd3a3f2f20b9f996ae681e34b0bda07c10eb57d1b80dc28fb2795"
url = "https://github.com/regclient/regclient/releases/download/v0.11.2/regsync-darwin-amd64"

[tools.regsync."platforms.windows-x64"]
checksum = "sha256:af830818939dfdae5e8481e8c6004d1ad18a014841990ad49dff2718741d7f4e"
url = "https://github.com/regclient/regclient/releases/download/v0.11.2/regsync-windows-amd64.exe"
