# @generated - this file is auto-generated by `mise lock` https://mise.en.dev/dev-tools/mise-lock.html

[[tools."github:marcusbuffett/pipe-rename"]]
version = "1.6.7"
backend = "github:marcusbuffett/pipe-rename"

[tools."github:marcusbuffett/pipe-rename"."platforms.linux-arm64"]
checksum = "sha256:c14ca01f9bde931e986dd21b14df5286684e0f34d8e30307c3307ccf3eb8add1"
url = "https://github.com/marcusbuffett/pipe-rename/releases/download/1.6.7/renamer-1.6.7-aarch64-unknown-linux-gnu"
url_api = "https://api.github.com/repos/marcusbuffett/pipe-rename/releases/assets/359580073"

[tools."github:marcusbuffett/pipe-rename"."platforms.linux-arm64-musl"]
checksum = "sha256:c14ca01f9bde931e986dd21b14df5286684e0f34d8e30307c3307ccf3eb8add1"
url = "https://github.com/marcusbuffett/pipe-rename/releases/download/1.6.7/renamer-1.6.7-aarch64-unknown-linux-gnu"
url_api = "https://api.github.com/repos/marcusbuffett/pipe-rename/releases/assets/359580073"

[tools."github:marcusbuffett/pipe-rename"."platforms.linux-x64"]
checksum = "sha256:9b7ef567a5638dd2117a0ad222371a63cbd64a8709100ffc4e333f137044abf8"
url = "https://github.com/marcusbuffett/pipe-rename/releases/download/1.6.7/renamer-1.6.7-x86_64-unknown-linux-musl"
url_api = "https://api.github.com/repos/marcusbuffett/pipe-rename/releases/assets/359580084"

[tools."github:marcusbuffett/pipe-rename"."platforms.linux-x64-musl"]
checksum = "sha256:9b7ef567a5638dd2117a0ad222371a63cbd64a8709100ffc4e333f137044abf8"
url = "https://github.com/marcusbuffett/pipe-rename/releases/download/1.6.7/renamer-1.6.7-x86_64-unknown-linux-musl"
url_api = "https://api.github.com/repos/marcusbuffett/pipe-rename/releases/assets/359580084"

[tools."github:marcusbuffett/pipe-rename"."platforms.macos-arm64"]
checksum = "sha256:f9760f75aae366b70060697ece1c0bb8fa864013f5a8217156a844a180fb29c9"
url = "https://github.com/marcusbuffett/pipe-rename/releases/download/1.6.7/renamer-1.6.7-aarch64-apple-darwin"
url_api = "https://api.github.com/repos/marcusbuffett/pipe-rename/releases/assets/359580029"

[tools."github:marcusbuffett/pipe-rename"."platforms.macos-x64"]
checksum = "sha256:65f385dd17a54b187a22e55397f8effff52e878a33afcaf12d0a1ee4799efb3b"
url = "https://github.com/marcusbuffett/pipe-rename/releases/download/1.6.7/renamer-1.6.7-x86_64-apple-darwin"
url_api = "https://api.github.com/repos/marcusbuffett/pipe-rename/releases/assets/359580041"

[tools."github:marcusbuffett/pipe-rename"."platforms.windows-x64"]
checksum = "sha256:cd0769a503c129711e38787ebc38200b2f2c487c90dccc0e4159934e3d5e2bfd"
url = "https://github.com/marcusbuffett/pipe-rename/releases/download/1.6.7/renamer-1.6.7-x86_64-pc-windows-msvc.exe"
url_api = "https://api.github.com/repos/marcusbuffett/pipe-rename/releases/assets/359580367"

[[tools.mq]]
version = "0.6.2"
backend = "github:harehare/mq"

[tools.mq."platforms.linux-arm64"]
checksum = "sha256:955b25040b5f920951f705aed0b8266cf2eb671e7979c967e8eec77a125ad03a"
url = "https://github.com/harehare/mq/releases/download/v0.6.2/mq-aarch64-unknown-linux-gnu"
url_api = "https://api.github.com/repos/harehare/mq/releases/assets/453718500"
provenance = "github-attestations"

[tools.mq."platforms.linux-arm64-musl"]
checksum = "sha256:c28bf5722bd67488e679cd9b5e69dfe116d1ffe4405d32fcf24a93be778d05a5"
url = "https://github.com/harehare/mq/releases/download/v0.6.2/mq-aarch64-unknown-linux-musl"
url_api = "https://api.github.com/repos/harehare/mq/releases/assets/453718524"
provenance = "github-attestations"

[tools.mq."platforms.linux-x64"]
checksum = "sha256:b5b3aaca565457f79fcb07ac095a4158f47addf07f2cd7f5246ddf655af17e6c"
url = "https://github.com/harehare/mq/releases/download/v0.6.2/mq-x86_64-unknown-linux-gnu"
url_api = "https://api.github.com/repos/harehare/mq/releases/assets/453718566"
provenance = "github-attestations"

[tools.mq."platforms.linux-x64-musl"]
checksum = "sha256:814433eae2fbc5fc0f6ab520d12b0ea5ac6431f691cc104da71c192e149f9c95"
url = "https://github.com/harehare/mq/releases/download/v0.6.2/mq-x86_64-unknown-linux-musl"
url_api = "https://api.github.com/repos/harehare/mq/releases/assets/453718580"
provenance = "github-attestations"

[tools.mq."platforms.macos-arm64"]
checksum = "sha256:5b913f044864c305f3e4cc88b3ab991e1ac5d1e0892c281feef55998966017b5"
url = "https://github.com/harehare/mq/releases/download/v0.6.2/mq-aarch64-apple-darwin"
url_api = "https://api.github.com/repos/harehare/mq/releases/assets/453718345"
provenance = "github-attestations"

[tools.mq."platforms.windows-x64"]
checksum = "sha256:cceb91f9b37c23576e78038ba3d63bee9264df0ecbd13e3f1f060f3c69dbce92"
url = "https://github.com/harehare/mq/releases/download/v0.6.2/mq-x86_64-pc-windows-msvc.exe"
url_api = "https://api.github.com/repos/harehare/mq/releases/assets/453718549"
provenance = "github-attestations"

[[tools.mq]]
version = "0.6.2"
backend = "github:harehare/mq"

[tools.mq.options]
matching = "mq"

[tools.mq."platforms.linux-arm64"]
checksum = "sha256:955b25040b5f920951f705aed0b8266cf2eb671e7979c967e8eec77a125ad03a"
url = "https://github.com/harehare/mq/releases/download/v0.6.2/mq-aarch64-unknown-linux-gnu"
url_api = "https://api.github.com/repos/harehare/mq/releases/assets/453718500"
provenance = "github-attestations"

[tools.mq."platforms.linux-arm64-musl"]
checksum = "sha256:c28bf5722bd67488e679cd9b5e69dfe116d1ffe4405d32fcf24a93be778d05a5"
url = "https://github.com/harehare/mq/releases/download/v0.6.2/mq-aarch64-unknown-linux-musl"
url_api = "https://api.github.com/repos/harehare/mq/releases/assets/453718524"
provenance = "github-attestations"

[tools.mq."platforms.linux-x64"]
checksum = "sha256:b5b3aaca565457f79fcb07ac095a4158f47addf07f2cd7f5246ddf655af17e6c"
url = "https://github.com/harehare/mq/releases/download/v0.6.2/mq-x86_64-unknown-linux-gnu"
url_api = "https://api.github.com/repos/harehare/mq/releases/assets/453718566"
provenance = "github-attestations"

[tools.mq."platforms.linux-x64-musl"]
checksum = "sha256:814433eae2fbc5fc0f6ab520d12b0ea5ac6431f691cc104da71c192e149f9c95"
url = "https://github.com/harehare/mq/releases/download/v0.6.2/mq-x86_64-unknown-linux-musl"
url_api = "https://api.github.com/repos/harehare/mq/releases/assets/453718580"
provenance = "github-attestations"

[tools.mq."platforms.macos-arm64"]
checksum = "sha256:5b913f044864c305f3e4cc88b3ab991e1ac5d1e0892c281feef55998966017b5"
url = "https://github.com/harehare/mq/releases/download/v0.6.2/mq-aarch64-apple-darwin"
url_api = "https://api.github.com/repos/harehare/mq/releases/assets/453718345"
provenance = "github-attestations"

[tools.mq."platforms.windows-x64"]
checksum = "sha256:cceb91f9b37c23576e78038ba3d63bee9264df0ecbd13e3f1f060f3c69dbce92"
url = "https://github.com/harehare/mq/releases/download/v0.6.2/mq-x86_64-pc-windows-msvc.exe"
url_api = "https://api.github.com/repos/harehare/mq/releases/assets/453718549"
provenance = "github-attestations"

[[tools.powershell]]
version = "7.6.3"
backend = "aqua:PowerShell/PowerShell"

[tools.powershell."platforms.linux-arm64"]
checksum = "sha256:7a14a385eca7dc5bedc1c8aa3d8b765f449ada30aabe5785a9fd331266eb062d"
url = "https://github.com/PowerShell/PowerShell/releases/download/v7.6.3/powershell-7.6.3-linux-arm64.tar.gz"
url_api = "https://api.github.com/repos/PowerShell/PowerShell/releases/assets/449534384"

[tools.powershell."platforms.linux-arm64-musl"]
checksum = "sha256:7a14a385eca7dc5bedc1c8aa3d8b765f449ada30aabe5785a9fd331266eb062d"
url = "https://github.com/PowerShell/PowerShell/releases/download/v7.6.3/powershell-7.6.3-linux-arm64.tar.gz"
url_api = "https://api.github.com/repos/PowerShell/PowerShell/releases/assets/449534384"

[tools.powershell."platforms.linux-x64"]
checksum = "sha256:856d0765d2332377f9d7a4aea76efdfde4de51446e7738dde2dfda41dba9e2a7"
url = "https://github.com/PowerShell/PowerShell/releases/download/v7.6.3/powershell-7.6.3-linux-x64.tar.gz"
url_api = "https://api.github.com/repos/PowerShell/PowerShell/releases/assets/449534506"

[tools.powershell."platforms.linux-x64-musl"]
checksum = "sha256:c2fdcdc95478f05ae9d62cf1c631451dcb98bb526d4ba0c0b675865a3d9b3589"
url = "https://github.com/PowerShell/PowerShell/releases/download/v7.6.3/powershell-7.6.3-linux-musl-x64.tar.gz"
url_api = "https://api.github.com/repos/PowerShell/PowerShell/releases/assets/449534424"

[tools.powershell."platforms.macos-arm64"]
checksum = "sha256:f0263c2072fe7d0953781c60497a574bea99b37237f2554a59ce4bad07de8d36"
url = "https://github.com/PowerShell/PowerShell/releases/download/v7.6.3/powershell-7.6.3-osx-arm64.tar.gz"
url_api = "https://api.github.com/repos/PowerShell/PowerShell/releases/assets/449534603"

[tools.powershell."platforms.macos-x64"]
checksum = "sha256:f02073a442515877aa5a8f361f55866800100c41b665cfb64883b77dbba09412"
url = "https://github.com/PowerShell/PowerShell/releases/download/v7.6.3/powershell-7.6.3-osx-x64.tar.gz"
url_api = "https://api.github.com/repos/PowerShell/PowerShell/releases/assets/449534710"

[tools.powershell."platforms.windows-x64"]
checksum = "sha256:07ddb0d00b660459560ef82a9841da7705b27cd5dcca5a0d7b025a98eca29eca"
url = "https://github.com/PowerShell/PowerShell/releases/download/v7.6.3/PowerShell-7.6.3-win-x64.zip"
url_api = "https://api.github.com/repos/PowerShell/PowerShell/releases/assets/449535066"

[[tools.rclone]]
version = "1.74.4"
backend = "aqua:rclone/rclone"

[tools.rclone."platforms.linux-arm64"]
checksum = "sha256:97685285c9ad6a0cf17d5844115d2a67245af6444db672187074bd9c358de419"
url = "https://github.com/rclone/rclone/releases/download/v1.74.4/rclone-v1.74.4-linux-arm64.zip"
url_api = "https://api.github.com/repos/rclone/rclone/releases/assets/470550100"

[tools.rclone."platforms.linux-arm64-musl"]
checksum = "sha256:97685285c9ad6a0cf17d5844115d2a67245af6444db672187074bd9c358de419"
url = "https://github.com/rclone/rclone/releases/download/v1.74.4/rclone-v1.74.4-linux-arm64.zip"
url_api = "https://api.github.com/repos/rclone/rclone/releases/assets/470550100"

[tools.rclone."platforms.linux-x64"]
checksum = "sha256:fe435e0c36228e7c2f116a8701f01127bb1f694005fc11d1f27186c8bca4115d"
url = "https://github.com/rclone/rclone/releases/download/v1.74.4/rclone-v1.74.4-linux-amd64.zip"
url_api = "https://api.github.com/repos/rclone/rclone/releases/assets/470549540"

[tools.rclone."platforms.linux-x64-musl"]
checksum = "sha256:fe435e0c36228e7c2f116a8701f01127bb1f694005fc11d1f27186c8bca4115d"
url = "https://github.com/rclone/rclone/releases/download/v1.74.4/rclone-v1.74.4-linux-amd64.zip"
url_api = "https://api.github.com/repos/rclone/rclone/releases/assets/470549540"

[tools.rclone."platforms.macos-arm64"]
checksum = "sha256:c2100e2d4a4b3be04c55cd45380cafe7647e1ad772bb055f52f00876ed701167"
url = "https://github.com/rclone/rclone/releases/download/v1.74.4/rclone-v1.74.4-osx-arm64.zip"
url_api = "https://api.github.com/repos/rclone/rclone/releases/assets/470554897"

[tools.rclone."platforms.macos-x64"]
checksum = "sha256:4188aa84043d7a6240912923f47639a9d2da21f3b40a521c065c8d92e66563f6"
url = "https://github.com/rclone/rclone/releases/download/v1.74.4/rclone-v1.74.4-osx-amd64.zip"
url_api = "https://api.github.com/repos/rclone/rclone/releases/assets/470554605"

[tools.rclone."platforms.windows-x64"]
checksum = "sha256:ef097ef9de37a57feb7d9f9c7afb34148ad3c65be8025f1d8f7f521554a701ea"
url = "https://github.com/rclone/rclone/releases/download/v1.74.4/rclone-v1.74.4-windows-amd64.zip"
url_api = "https://api.github.com/repos/rclone/rclone/releases/assets/470555822"

[[tools.regctl]]
version = "0.11.5"
backend = "aqua:regclient/regclient/regctl"

[tools.regctl."platforms.linux-arm64"]
checksum = "sha256:c4cf231e74cda685f1599f3d866b02b03c572e54b79ec8b062f32070b0ba4587"
url = "https://github.com/regclient/regclient/releases/download/v0.11.5/regctl-linux-arm64"
url_api = "https://api.github.com/repos/regclient/regclient/releases/assets/430177224"

[tools.regctl."platforms.linux-arm64-musl"]
checksum = "sha256:c4cf231e74cda685f1599f3d866b02b03c572e54b79ec8b062f32070b0ba4587"
url = "https://github.com/regclient/regclient/releases/download/v0.11.5/regctl-linux-arm64"
url_api = "https://api.github.com/repos/regclient/regclient/releases/assets/430177224"

[tools.regctl."platforms.linux-x64"]
checksum = "sha256:c93aa7638749f5aaac1a8e01787321889c78f0101809bb2880343478d0ba0467"
url = "https://github.com/regclient/regclient/releases/download/v0.11.5/regctl-linux-amd64"
url_api = "https://api.github.com/repos/regclient/regclient/releases/assets/430177221"

[tools.regctl."platforms.linux-x64-musl"]
checksum = "sha256:c93aa7638749f5aaac1a8e01787321889c78f0101809bb2880343478d0ba0467"
url = "https://github.com/regclient/regclient/releases/download/v0.11.5/regctl-linux-amd64"
url_api = "https://api.github.com/repos/regclient/regclient/releases/assets/430177221"

[tools.regctl."platforms.macos-arm64"]
checksum = "sha256:f4d536d64d0c3cc1db7400902175a1c314675991d22e87e15c319501a2676d3f"
url = "https://github.com/regclient/regclient/releases/download/v0.11.5/regctl-darwin-arm64"
url_api = "https://api.github.com/repos/regclient/regclient/releases/assets/430177223"

[tools.regctl."platforms.macos-x64"]
checksum = "sha256:c132fdddda68b9c7584ac19f3b40cd17f71916c2bca8182270ebe65b55198a12"
url = "https://github.com/regclient/regclient/releases/download/v0.11.5/regctl-darwin-amd64"
url_api = "https://api.github.com/repos/regclient/regclient/releases/assets/430177217"

[tools.regctl."platforms.windows-x64"]
checksum = "sha256:9b83975d464e4ee5a9f899a3ead26072ed67e9a8ed0f582897bfad8141b45938"
url = "https://github.com/regclient/regclient/releases/download/v0.11.5/regctl-windows-amd64.exe"
url_api = "https://api.github.com/repos/regclient/regclient/releases/assets/430177235"

[[tools.regsync]]
version = "0.11.5"
backend = "aqua:regclient/regclient/regsync"

[tools.regsync."platforms.linux-arm64"]
checksum = "sha256:1d00b80fcd63b6544d2b66578db667741eb94fc43f8f2c2c3d307565cc2aa184"
url = "https://github.com/regclient/regclient/releases/download/v0.11.5/regsync-linux-arm64"
url_api = "https://api.github.com/repos/regclient/regclient/releases/assets/430177234"

[tools.regsync."platforms.linux-arm64-musl"]
checksum = "sha256:1d00b80fcd63b6544d2b66578db667741eb94fc43f8f2c2c3d307565cc2aa184"
url = "https://github.com/regclient/regclient/releases/download/v0.11.5/regsync-linux-arm64"
url_api = "https://api.github.com/repos/regclient/regclient/releases/assets/430177234"

[tools.regsync."platforms.linux-x64"]
checksum = "sha256:486d5fcac076e31837864632446de22519d88101db4a4b4cfaa4ee3350e41606"
url = "https://github.com/regclient/regclient/releases/download/v0.11.5/regsync-linux-amd64"
url_api = "https://api.github.com/repos/regclient/regclient/releases/assets/430177226"

[tools.regsync."platforms.linux-x64-musl"]
checksum = "sha256:486d5fcac076e31837864632446de22519d88101db4a4b4cfaa4ee3350e41606"
url = "https://github.com/regclient/regclient/releases/download/v0.11.5/regsync-linux-amd64"
url_api = "https://api.github.com/repos/regclient/regclient/releases/assets/430177226"

[tools.regsync."platforms.macos-arm64"]
checksum = "sha256:5ab9ce683989cbff615e33c3e49140fe6c1f2ea20228eecd5683736ab5f9ec18"
url = "https://github.com/regclient/regclient/releases/download/v0.11.5/regsync-darwin-arm64"
url_api = "https://api.github.com/repos/regclient/regclient/releases/assets/430177232"

[tools.regsync."platforms.macos-x64"]
checksum = "sha256:f7a2ec78abbbe328e51265a6435f1eebc2ff44f57e15d2c770db968683594d06"
url = "https://github.com/regclient/regclient/releases/download/v0.11.5/regsync-darwin-amd64"
url_api = "https://api.github.com/repos/regclient/regclient/releases/assets/430177213"

[tools.regsync."platforms.windows-x64"]
checksum = "sha256:a5d41ce2bfcb384a5551b88927a3aebd78b90abb8d07ae2f4a0e22c44a61cbef"
url = "https://github.com/regclient/regclient/releases/download/v0.11.5/regsync-windows-amd64.exe"
url_api = "https://api.github.com/repos/regclient/regclient/releases/assets/430177229"

[[tools.restic]]
version = "0.19.1"
backend = "aqua:restic/restic"

[tools.restic."platforms.linux-arm64"]
checksum = "sha256:a5f64aaab53d51e311fa3829124c5b703f2d14cf187d8640b6be3b2b49376465"
url = "https://github.com/restic/restic/releases/download/v0.19.1/restic_0.19.1_linux_arm64.bz2"
url_api = "https://api.github.com/repos/restic/restic/releases/assets/466999588"

[tools.restic."platforms.linux-arm64-musl"]
checksum = "sha256:a5f64aaab53d51e311fa3829124c5b703f2d14cf187d8640b6be3b2b49376465"
url = "https://github.com/restic/restic/releases/download/v0.19.1/restic_0.19.1_linux_arm64.bz2"
url_api = "https://api.github.com/repos/restic/restic/releases/assets/466999588"

[tools.restic."platforms.linux-x64"]
checksum = "sha256:f415415624dcc452f2a02b8c33641791a8c6d6d3b65bbb3543fcf9a25151585c"
url = "https://github.com/restic/restic/releases/download/v0.19.1/restic_0.19.1_linux_amd64.bz2"
url_api = "https://api.github.com/repos/restic/restic/releases/assets/466999719"

[tools.restic."platforms.linux-x64-musl"]
checksum = "sha256:f415415624dcc452f2a02b8c33641791a8c6d6d3b65bbb3543fcf9a25151585c"
url = "https://github.com/restic/restic/releases/download/v0.19.1/restic_0.19.1_linux_amd64.bz2"
url_api = "https://api.github.com/repos/restic/restic/releases/assets/466999719"

[tools.restic."platforms.macos-arm64"]
checksum = "sha256:7be0a144ccc377880f294204aa271d76e4b79554b42a751151d425ce6ebac143"
url = "https://github.com/restic/restic/releases/download/v0.19.1/restic_0.19.1_darwin_arm64.bz2"
url_api = "https://api.github.com/repos/restic/restic/releases/assets/467000314"

[tools.restic."platforms.macos-x64"]
checksum = "sha256:c38d579622cf602f665234c5a8c315030b6cf70656028fe6dc29a786b60e5f35"
url = "https://github.com/restic/restic/releases/download/v0.19.1/restic_0.19.1_darwin_amd64.bz2"
url_api = "https://api.github.com/repos/restic/restic/releases/assets/467000400"

[tools.restic."platforms.windows-x64"]
checksum = "sha256:da948ad707ed690426473aaba2046cd61f8f90f6f0e7dab6be0d5796531de67d"
url = "https://github.com/restic/restic/releases/download/v0.19.1/restic_0.19.1_windows_amd64.zip"
url_api = "https://api.github.com/repos/restic/restic/releases/assets/466998668"

[[tools.usage]]
version = "3.5.4"
backend = "aqua:jdx/usage"

[tools.usage."platforms.linux-arm64"]
checksum = "sha256:6f826638194da61fc5f631a9ed25930ddc3746e8f9de97f218b36a3a899c196c"
url = "https://github.com/jdx/usage/releases/download/v3.5.4/usage-aarch64-unknown-linux-musl.tar.gz"
url_api = "https://api.github.com/repos/jdx/usage/releases/assets/468428362"

[tools.usage."platforms.linux-arm64-musl"]
checksum = "sha256:6f826638194da61fc5f631a9ed25930ddc3746e8f9de97f218b36a3a899c196c"
url = "https://github.com/jdx/usage/releases/download/v3.5.4/usage-aarch64-unknown-linux-musl.tar.gz"
url_api = "https://api.github.com/repos/jdx/usage/releases/assets/468428362"

[tools.usage."platforms.linux-x64"]
checksum = "sha256:642e6eb31e58db1f3cda206d0484685950a224825f5ed22eb9cc9a6d6ddbbb46"
url = "https://github.com/jdx/usage/releases/download/v3.5.4/usage-x86_64-unknown-linux-musl.tar.gz"
url_api = "https://api.github.com/repos/jdx/usage/releases/assets/468428453"

[tools.usage."platforms.linux-x64-musl"]
checksum = "sha256:642e6eb31e58db1f3cda206d0484685950a224825f5ed22eb9cc9a6d6ddbbb46"
url = "https://github.com/jdx/usage/releases/download/v3.5.4/usage-x86_64-unknown-linux-musl.tar.gz"
url_api = "https://api.github.com/repos/jdx/usage/releases/assets/468428453"

[tools.usage."platforms.macos-arm64"]
checksum = "sha256:25b0fff15f030f3c08caa960174b3fb9f85be601824744424a7409dcdf1ee37a"
url = "https://github.com/jdx/usage/releases/download/v3.5.4/usage-universal-apple-darwin.tar.gz"
url_api = "https://api.github.com/repos/jdx/usage/releases/assets/468433769"

[tools.usage."platforms.macos-x64"]
checksum = "sha256:25b0fff15f030f3c08caa960174b3fb9f85be601824744424a7409dcdf1ee37a"
url = "https://github.com/jdx/usage/releases/download/v3.5.4/usage-universal-apple-darwin.tar.gz"
url_api = "https://api.github.com/repos/jdx/usage/releases/assets/468433769"

[tools.usage."platforms.windows-x64"]
checksum = "sha256:61dbc0aedc54696c6201d1e8f107348b30706a47e23a44c08280c3c7f63b6804"
url = "https://github.com/jdx/usage/releases/download/v3.5.4/usage-x86_64-pc-windows-msvc.zip"
url_api = "https://api.github.com/repos/jdx/usage/releases/assets/468428934"
