# @generated - this file is auto-generated by `mise lock` https://mise.en.dev/dev-tools/mise-lock.html

[[tools."cargo:mq-run"]]
version = "0.5.29"
backend = "cargo:mq-run"

[[tools."cargo:pipe-rename"]]
version = "1.6.7"
backend = "cargo:pipe-rename"

[[tools.powershell]]
version = "7.6.1"
backend = "aqua:PowerShell/PowerShell"

[tools.powershell."platforms.linux-arm64"]
checksum = "sha256:73498813194ea0d849d5942332ee6e51657ea66da08216aa1050788d5c52b741"
url = "https://github.com/PowerShell/PowerShell/releases/download/v7.6.1/powershell-7.6.1-linux-arm64.tar.gz"

[tools.powershell."platforms.linux-arm64-musl"]
checksum = "sha256:73498813194ea0d849d5942332ee6e51657ea66da08216aa1050788d5c52b741"
url = "https://github.com/PowerShell/PowerShell/releases/download/v7.6.1/powershell-7.6.1-linux-arm64.tar.gz"

[tools.powershell."platforms.linux-x64"]
checksum = "sha256:dfc94229767921603f7c3e1cb1ac5aa931448af7496ccf657723b6278057c415"
url = "https://github.com/PowerShell/PowerShell/releases/download/v7.6.1/powershell-7.6.1-linux-x64.tar.gz"

[tools.powershell."platforms.linux-x64-musl"]
checksum = "sha256:de3d33ee123b442da258ecabf7524d76f701e0ec7de8db12b4caf88c3ca8169b"
url = "https://github.com/PowerShell/PowerShell/releases/download/v7.6.1/powershell-7.6.1-linux-musl-x64.tar.gz"

[tools.powershell."platforms.macos-arm64"]
checksum = "sha256:9e1078f70b11c40e10f4bad1354db1cdcaf38cd6775fcf40e0738e3f5ac6807e"
url = "https://github.com/PowerShell/PowerShell/releases/download/v7.6.1/powershell-7.6.1-osx-arm64.tar.gz"

[tools.powershell."platforms.macos-x64"]
checksum = "sha256:b5f874a832bec2ba78cd3e44fdbcb04c1b6144d9eab42b9881cb8b9400bcc504"
url = "https://github.com/PowerShell/PowerShell/releases/download/v7.6.1/powershell-7.6.1-osx-x64.tar.gz"

[tools.powershell."platforms.windows-x64"]
checksum = "sha256:b5c9e8457ca7df4998abe3cc2c58e6dd4005ad1b4c5320bbac86244a747db91d"
url = "https://github.com/PowerShell/PowerShell/releases/download/v7.6.1/PowerShell-7.6.1-win-x64.zip"

[[tools.rclone]]
version = "1.74.1"
backend = "aqua:rclone/rclone"

[tools.rclone."platforms.linux-arm64"]
checksum = "sha256:c816ed0e568de4dd1bba1a4d0cd47523d3dd54337dd5fde73f1b068857ecf877"
url = "https://github.com/rclone/rclone/releases/download/v1.74.1/rclone-v1.74.1-linux-arm64.zip"

[tools.rclone."platforms.linux-arm64-musl"]
checksum = "sha256:c816ed0e568de4dd1bba1a4d0cd47523d3dd54337dd5fde73f1b068857ecf877"
url = "https://github.com/rclone/rclone/releases/download/v1.74.1/rclone-v1.74.1-linux-arm64.zip"

[tools.rclone."platforms.linux-x64"]
checksum = "sha256:67df3059a6233b6e32e604bcd637654bb294ff86291b65ede77123e94818d911"
url = "https://github.com/rclone/rclone/releases/download/v1.74.1/rclone-v1.74.1-linux-amd64.zip"

[tools.rclone."platforms.linux-x64-musl"]
checksum = "sha256:67df3059a6233b6e32e604bcd637654bb294ff86291b65ede77123e94818d911"
url = "https://github.com/rclone/rclone/releases/download/v1.74.1/rclone-v1.74.1-linux-amd64.zip"

[tools.rclone."platforms.macos-arm64"]
checksum = "sha256:98c04f5f678fe87d435d6f4b1fe204103c5906b151357e631ba0111410691213"
url = "https://github.com/rclone/rclone/releases/download/v1.74.1/rclone-v1.74.1-osx-arm64.zip"

[tools.rclone."platforms.macos-x64"]
checksum = "sha256:4f10d7845422d8568e187a0f6813f124bca9b657ac7becd8bdf8508fa968a336"
url = "https://github.com/rclone/rclone/releases/download/v1.74.1/rclone-v1.74.1-osx-amd64.zip"

[tools.rclone."platforms.windows-x64"]
checksum = "sha256:51326acc0d9cf60234aa5787d8da66a621430aa373542a6b35bad8a4a26ca43e"
url = "https://github.com/rclone/rclone/releases/download/v1.74.1/rclone-v1.74.1-windows-amd64.zip"

[[tools.regctl]]
version = "0.11.4"
backend = "aqua:regclient/regclient/regctl"

[tools.regctl."platforms.linux-arm64"]
checksum = "sha256:8db9f8d0e13a08cab7b2cd4e62db03d78ae58e5680d3717732294b18ac22821c"
url = "https://github.com/regclient/regclient/releases/download/v0.11.4/regctl-linux-arm64"

[tools.regctl."platforms.linux-arm64-musl"]
checksum = "sha256:8db9f8d0e13a08cab7b2cd4e62db03d78ae58e5680d3717732294b18ac22821c"
url = "https://github.com/regclient/regclient/releases/download/v0.11.4/regctl-linux-arm64"

[tools.regctl."platforms.linux-x64"]
checksum = "sha256:67938b732228a8afcee8e9e771a8667a29de967f984a8cdc8fb147741718db15"
url = "https://github.com/regclient/regclient/releases/download/v0.11.4/regctl-linux-amd64"

[tools.regctl."platforms.linux-x64-musl"]
checksum = "sha256:67938b732228a8afcee8e9e771a8667a29de967f984a8cdc8fb147741718db15"
url = "https://github.com/regclient/regclient/releases/download/v0.11.4/regctl-linux-amd64"

[tools.regctl."platforms.macos-arm64"]
checksum = "sha256:be12f775340dd45e2f9b0599f41ae8057a8e5f8539ebff1c5b00ce22710f443b"
url = "https://github.com/regclient/regclient/releases/download/v0.11.4/regctl-darwin-arm64"

[tools.regctl."platforms.macos-x64"]
checksum = "sha256:d48f8968198c59920a71f7e79e4037fc465eca5908cfa8dcca96efde7b419ed5"
url = "https://github.com/regclient/regclient/releases/download/v0.11.4/regctl-darwin-amd64"

[tools.regctl."platforms.windows-x64"]
checksum = "sha256:3dcf16028cbe95ead5d2706c5a646e5614478e4782b5fdd11e274a0d92973267"
url = "https://github.com/regclient/regclient/releases/download/v0.11.4/regctl-windows-amd64.exe"

[[tools.regsync]]
version = "0.11.4"
backend = "aqua:regclient/regclient/regsync"

[tools.regsync."platforms.linux-arm64"]
checksum = "sha256:638e6bd1ddf57e44311060034c8baaf99e4411d8b58241cfa15ddeea5d99fc39"
url = "https://github.com/regclient/regclient/releases/download/v0.11.4/regsync-linux-arm64"

[tools.regsync."platforms.linux-arm64-musl"]
checksum = "sha256:638e6bd1ddf57e44311060034c8baaf99e4411d8b58241cfa15ddeea5d99fc39"
url = "https://github.com/regclient/regclient/releases/download/v0.11.4/regsync-linux-arm64"

[tools.regsync."platforms.linux-x64"]
checksum = "sha256:9b68cbeafbe2898d9a0f2605a2a491d52616443986d9568218f387ca68dd5a40"
url = "https://github.com/regclient/regclient/releases/download/v0.11.4/regsync-linux-amd64"

[tools.regsync."platforms.linux-x64-musl"]
checksum = "sha256:9b68cbeafbe2898d9a0f2605a2a491d52616443986d9568218f387ca68dd5a40"
url = "https://github.com/regclient/regclient/releases/download/v0.11.4/regsync-linux-amd64"

[tools.regsync."platforms.macos-arm64"]
checksum = "sha256:787e6bddfca2d8d838c17997f48d7f4c43625a941aabe1cf4d0c127b4bb66282"
url = "https://github.com/regclient/regclient/releases/download/v0.11.4/regsync-darwin-arm64"

[tools.regsync."platforms.macos-x64"]
checksum = "sha256:97d09fab7e42adb400ab6138b9a1c7ba8c10296365acb1b5b0c47a677478af3c"
url = "https://github.com/regclient/regclient/releases/download/v0.11.4/regsync-darwin-amd64"

[tools.regsync."platforms.windows-x64"]
checksum = "sha256:d746cbe39e441bf06cc1e5d46961b10955d49e8fb1e7f387d7097a0534dc1476"
url = "https://github.com/regclient/regclient/releases/download/v0.11.4/regsync-windows-amd64.exe"

[[tools.restic]]
version = "0.18.1"
backend = "aqua:restic/restic"

[tools.restic."platforms.linux-arm64"]
checksum = "sha256:87f53fddde38764095e9c058a3b31834052c37e5826d2acf34e18923c006bd45"
url = "https://github.com/restic/restic/releases/download/v0.18.1/restic_0.18.1_linux_arm64.bz2"

[tools.restic."platforms.linux-arm64-musl"]
checksum = "sha256:87f53fddde38764095e9c058a3b31834052c37e5826d2acf34e18923c006bd45"
url = "https://github.com/restic/restic/releases/download/v0.18.1/restic_0.18.1_linux_arm64.bz2"

[tools.restic."platforms.linux-x64"]
checksum = "sha256:680838f19d67151adba227e1570cdd8af12c19cf1735783ed1ba928bc41f363d"
url = "https://github.com/restic/restic/releases/download/v0.18.1/restic_0.18.1_linux_amd64.bz2"

[tools.restic."platforms.linux-x64-musl"]
checksum = "sha256:680838f19d67151adba227e1570cdd8af12c19cf1735783ed1ba928bc41f363d"
url = "https://github.com/restic/restic/releases/download/v0.18.1/restic_0.18.1_linux_amd64.bz2"

[tools.restic."platforms.macos-arm64"]
checksum = "sha256:193fccc8bb4567b498923bc70261e104ff22be88016f0f108b035dad372ab711"
url = "https://github.com/restic/restic/releases/download/v0.18.1/restic_0.18.1_darwin_arm64.bz2"

[tools.restic."platforms.macos-x64"]
checksum = "sha256:eb8543ed92ff1ddb67762daebf09f7bea4b0c37d21edb6a910bee3d4f514015f"
url = "https://github.com/restic/restic/releases/download/v0.18.1/restic_0.18.1_darwin_amd64.bz2"

[tools.restic."platforms.windows-x64"]
checksum = "sha256:0c1a713440578cb400d2e76208feb24f1b339426b075a21f73b6b2132692515d"
url = "https://github.com/restic/restic/releases/download/v0.18.1/restic_0.18.1_windows_amd64.zip"

[[tools.usage]]
version = "3.3.0"
backend = "aqua:jdx/usage"

[tools.usage."platforms.linux-arm64"]
checksum = "sha256:55a0c94c35bb9e2c5cbc223973667cd450759cd3410d4c5836ef2fdfd95adc57"
url = "https://github.com/jdx/usage/releases/download/v3.3.0/usage-aarch64-unknown-linux-musl.tar.gz"

[tools.usage."platforms.linux-arm64-musl"]
checksum = "sha256:55a0c94c35bb9e2c5cbc223973667cd450759cd3410d4c5836ef2fdfd95adc57"
url = "https://github.com/jdx/usage/releases/download/v3.3.0/usage-aarch64-unknown-linux-musl.tar.gz"

[tools.usage."platforms.linux-x64"]
checksum = "sha256:9a4316d633243aa54308ff3bf6970923b18c105dea34fbc3009d51889e1dd03f"
url = "https://github.com/jdx/usage/releases/download/v3.3.0/usage-x86_64-unknown-linux-musl.tar.gz"

[tools.usage."platforms.linux-x64-musl"]
checksum = "sha256:9a4316d633243aa54308ff3bf6970923b18c105dea34fbc3009d51889e1dd03f"
url = "https://github.com/jdx/usage/releases/download/v3.3.0/usage-x86_64-unknown-linux-musl.tar.gz"

[tools.usage."platforms.macos-arm64"]
checksum = "sha256:ab6c69a6541e18ffca7bd950dd4cc867ea9267d0f91115c13aa650cde6634d62"
url = "https://github.com/jdx/usage/releases/download/v3.3.0/usage-universal-apple-darwin.tar.gz"

[tools.usage."platforms.macos-x64"]
checksum = "sha256:ab6c69a6541e18ffca7bd950dd4cc867ea9267d0f91115c13aa650cde6634d62"
url = "https://github.com/jdx/usage/releases/download/v3.3.0/usage-universal-apple-darwin.tar.gz"

[tools.usage."platforms.windows-x64"]
checksum = "sha256:628b8743d552f2cff2dee2b783a4827ef555409def3fb9ec536117d96cda2018"
url = "https://github.com/jdx/usage/releases/download/v3.3.0/usage-x86_64-pc-windows-msvc.zip"
