# @generated - this file is auto-generated by `mise lock` https://mise.en.dev/dev-tools/mise-lock.html

[[tools."github:marcusbuffett/pipe-rename"]]
version = "1.6.7"
backend = "github:marcusbuffett/pipe-rename"

[tools."github:marcusbuffett/pipe-rename"."platforms.linux-arm64"]
checksum = "sha256:c14ca01f9bde931e986dd21b14df5286684e0f34d8e30307c3307ccf3eb8add1"
url = "https://github.com/marcusbuffett/pipe-rename/releases/download/1.6.7/renamer-1.6.7-aarch64-unknown-linux-gnu"
url_api = "https://api.github.com/repos/marcusbuffett/pipe-rename/releases/assets/359580073"

[tools."github:marcusbuffett/pipe-rename"."platforms.linux-arm64-musl"]
checksum = "sha256:c14ca01f9bde931e986dd21b14df5286684e0f34d8e30307c3307ccf3eb8add1"
url = "https://github.com/marcusbuffett/pipe-rename/releases/download/1.6.7/renamer-1.6.7-aarch64-unknown-linux-gnu"
url_api = "https://api.github.com/repos/marcusbuffett/pipe-rename/releases/assets/359580073"

[tools."github:marcusbuffett/pipe-rename"."platforms.linux-x64"]
checksum = "sha256:9b7ef567a5638dd2117a0ad222371a63cbd64a8709100ffc4e333f137044abf8"
url = "https://github.com/marcusbuffett/pipe-rename/releases/download/1.6.7/renamer-1.6.7-x86_64-unknown-linux-musl"
url_api = "https://api.github.com/repos/marcusbuffett/pipe-rename/releases/assets/359580084"

[tools."github:marcusbuffett/pipe-rename"."platforms.linux-x64-musl"]
checksum = "sha256:9b7ef567a5638dd2117a0ad222371a63cbd64a8709100ffc4e333f137044abf8"
url = "https://github.com/marcusbuffett/pipe-rename/releases/download/1.6.7/renamer-1.6.7-x86_64-unknown-linux-musl"
url_api = "https://api.github.com/repos/marcusbuffett/pipe-rename/releases/assets/359580084"

[tools."github:marcusbuffett/pipe-rename"."platforms.macos-arm64"]
checksum = "sha256:f9760f75aae366b70060697ece1c0bb8fa864013f5a8217156a844a180fb29c9"
url = "https://github.com/marcusbuffett/pipe-rename/releases/download/1.6.7/renamer-1.6.7-aarch64-apple-darwin"
url_api = "https://api.github.com/repos/marcusbuffett/pipe-rename/releases/assets/359580029"

[tools."github:marcusbuffett/pipe-rename"."platforms.macos-x64"]
checksum = "sha256:65f385dd17a54b187a22e55397f8effff52e878a33afcaf12d0a1ee4799efb3b"
url = "https://github.com/marcusbuffett/pipe-rename/releases/download/1.6.7/renamer-1.6.7-x86_64-apple-darwin"
url_api = "https://api.github.com/repos/marcusbuffett/pipe-rename/releases/assets/359580041"

[tools."github:marcusbuffett/pipe-rename"."platforms.windows-x64"]
checksum = "sha256:cd0769a503c129711e38787ebc38200b2f2c487c90dccc0e4159934e3d5e2bfd"
url = "https://github.com/marcusbuffett/pipe-rename/releases/download/1.6.7/renamer-1.6.7-x86_64-pc-windows-msvc.exe"
url_api = "https://api.github.com/repos/marcusbuffett/pipe-rename/releases/assets/359580367"

[[tools.mq]]
version = "0.6.2"
backend = "github:harehare/mq"

[tools.mq."platforms.linux-arm64"]
checksum = "sha256:955b25040b5f920951f705aed0b8266cf2eb671e7979c967e8eec77a125ad03a"
url = "https://github.com/harehare/mq/releases/download/v0.6.2/mq-aarch64-unknown-linux-gnu"
url_api = "https://api.github.com/repos/harehare/mq/releases/assets/453718500"
provenance = "github-attestations"

[tools.mq."platforms.linux-arm64-musl"]
checksum = "sha256:c28bf5722bd67488e679cd9b5e69dfe116d1ffe4405d32fcf24a93be778d05a5"
url = "https://github.com/harehare/mq/releases/download/v0.6.2/mq-aarch64-unknown-linux-musl"
url_api = "https://api.github.com/repos/harehare/mq/releases/assets/453718524"
provenance = "github-attestations"

[tools.mq."platforms.linux-x64"]
checksum = "sha256:b5b3aaca565457f79fcb07ac095a4158f47addf07f2cd7f5246ddf655af17e6c"
url = "https://github.com/harehare/mq/releases/download/v0.6.2/mq-x86_64-unknown-linux-gnu"
url_api = "https://api.github.com/repos/harehare/mq/releases/assets/453718566"
provenance = "github-attestations"

[tools.mq."platforms.linux-x64-musl"]
checksum = "sha256:814433eae2fbc5fc0f6ab520d12b0ea5ac6431f691cc104da71c192e149f9c95"
url = "https://github.com/harehare/mq/releases/download/v0.6.2/mq-x86_64-unknown-linux-musl"
url_api = "https://api.github.com/repos/harehare/mq/releases/assets/453718580"
provenance = "github-attestations"

[tools.mq."platforms.macos-arm64"]
checksum = "sha256:5b913f044864c305f3e4cc88b3ab991e1ac5d1e0892c281feef55998966017b5"
url = "https://github.com/harehare/mq/releases/download/v0.6.2/mq-aarch64-apple-darwin"
url_api = "https://api.github.com/repos/harehare/mq/releases/assets/453718345"
provenance = "github-attestations"

[tools.mq."platforms.windows-x64"]
checksum = "sha256:cceb91f9b37c23576e78038ba3d63bee9264df0ecbd13e3f1f060f3c69dbce92"
url = "https://github.com/harehare/mq/releases/download/v0.6.2/mq-x86_64-pc-windows-msvc.exe"
url_api = "https://api.github.com/repos/harehare/mq/releases/assets/453718549"
provenance = "github-attestations"

[[tools.mq]]
version = "0.6.2"
backend = "github:harehare/mq"

[tools.mq.options]
matching = "mq"

[tools.mq."platforms.linux-arm64"]
checksum = "sha256:955b25040b5f920951f705aed0b8266cf2eb671e7979c967e8eec77a125ad03a"
url = "https://github.com/harehare/mq/releases/download/v0.6.2/mq-aarch64-unknown-linux-gnu"
url_api = "https://api.github.com/repos/harehare/mq/releases/assets/453718500"
provenance = "github-attestations"

[tools.mq."platforms.linux-arm64-musl"]
checksum = "sha256:c28bf5722bd67488e679cd9b5e69dfe116d1ffe4405d32fcf24a93be778d05a5"
url = "https://github.com/harehare/mq/releases/download/v0.6.2/mq-aarch64-unknown-linux-musl"
url_api = "https://api.github.com/repos/harehare/mq/releases/assets/453718524"
provenance = "github-attestations"

[tools.mq."platforms.linux-x64"]
checksum = "sha256:b5b3aaca565457f79fcb07ac095a4158f47addf07f2cd7f5246ddf655af17e6c"
url = "https://github.com/harehare/mq/releases/download/v0.6.2/mq-x86_64-unknown-linux-gnu"
url_api = "https://api.github.com/repos/harehare/mq/releases/assets/453718566"
provenance = "github-attestations"

[tools.mq."platforms.linux-x64-musl"]
checksum = "sha256:814433eae2fbc5fc0f6ab520d12b0ea5ac6431f691cc104da71c192e149f9c95"
url = "https://github.com/harehare/mq/releases/download/v0.6.2/mq-x86_64-unknown-linux-musl"
url_api = "https://api.github.com/repos/harehare/mq/releases/assets/453718580"
provenance = "github-attestations"

[tools.mq."platforms.macos-arm64"]
checksum = "sha256:5b913f044864c305f3e4cc88b3ab991e1ac5d1e0892c281feef55998966017b5"
url = "https://github.com/harehare/mq/releases/download/v0.6.2/mq-aarch64-apple-darwin"
url_api = "https://api.github.com/repos/harehare/mq/releases/assets/453718345"
provenance = "github-attestations"

[tools.mq."platforms.windows-x64"]
checksum = "sha256:cceb91f9b37c23576e78038ba3d63bee9264df0ecbd13e3f1f060f3c69dbce92"
url = "https://github.com/harehare/mq/releases/download/v0.6.2/mq-x86_64-pc-windows-msvc.exe"
url_api = "https://api.github.com/repos/harehare/mq/releases/assets/453718549"
provenance = "github-attestations"

[[tools.powershell]]
version = "7.6.3"
backend = "aqua:PowerShell/PowerShell"

[tools.powershell."platforms.linux-arm64"]
checksum = "sha256:7a14a385eca7dc5bedc1c8aa3d8b765f449ada30aabe5785a9fd331266eb062d"
url = "https://github.com/PowerShell/PowerShell/releases/download/v7.6.3/powershell-7.6.3-linux-arm64.tar.gz"

[tools.powershell."platforms.linux-arm64-musl"]
checksum = "sha256:7a14a385eca7dc5bedc1c8aa3d8b765f449ada30aabe5785a9fd331266eb062d"
url = "https://github.com/PowerShell/PowerShell/releases/download/v7.6.3/powershell-7.6.3-linux-arm64.tar.gz"

[tools.powershell."platforms.linux-x64"]
checksum = "sha256:856d0765d2332377f9d7a4aea76efdfde4de51446e7738dde2dfda41dba9e2a7"
url = "https://github.com/PowerShell/PowerShell/releases/download/v7.6.3/powershell-7.6.3-linux-x64.tar.gz"

[tools.powershell."platforms.linux-x64-musl"]
checksum = "sha256:c2fdcdc95478f05ae9d62cf1c631451dcb98bb526d4ba0c0b675865a3d9b3589"
url = "https://github.com/PowerShell/PowerShell/releases/download/v7.6.3/powershell-7.6.3-linux-musl-x64.tar.gz"

[tools.powershell."platforms.macos-arm64"]
checksum = "sha256:f0263c2072fe7d0953781c60497a574bea99b37237f2554a59ce4bad07de8d36"
url = "https://github.com/PowerShell/PowerShell/releases/download/v7.6.3/powershell-7.6.3-osx-arm64.tar.gz"

[tools.powershell."platforms.macos-x64"]
checksum = "sha256:f02073a442515877aa5a8f361f55866800100c41b665cfb64883b77dbba09412"
url = "https://github.com/PowerShell/PowerShell/releases/download/v7.6.3/powershell-7.6.3-osx-x64.tar.gz"

[tools.powershell."platforms.windows-x64"]
checksum = "sha256:07ddb0d00b660459560ef82a9841da7705b27cd5dcca5a0d7b025a98eca29eca"
url = "https://github.com/PowerShell/PowerShell/releases/download/v7.6.3/PowerShell-7.6.3-win-x64.zip"

[[tools.rclone]]
version = "1.74.3"
backend = "aqua:rclone/rclone"

[tools.rclone."platforms.linux-arm64"]
checksum = "sha256:8f8d47446e061f80c3256659fe8e21f56d72d96aaefe1275d088ea5eb6b42aa7"
url = "https://github.com/rclone/rclone/releases/download/v1.74.3/rclone-v1.74.3-linux-arm64.zip"

[tools.rclone."platforms.linux-arm64-musl"]
checksum = "sha256:8f8d47446e061f80c3256659fe8e21f56d72d96aaefe1275d088ea5eb6b42aa7"
url = "https://github.com/rclone/rclone/releases/download/v1.74.3/rclone-v1.74.3-linux-arm64.zip"

[tools.rclone."platforms.linux-x64"]
checksum = "sha256:dbee7ccd7a5d617e4ed4cd4555c16669b511abfe8d31164f61be35ac9e999bd2"
url = "https://github.com/rclone/rclone/releases/download/v1.74.3/rclone-v1.74.3-linux-amd64.zip"

[tools.rclone."platforms.linux-x64-musl"]
checksum = "sha256:dbee7ccd7a5d617e4ed4cd4555c16669b511abfe8d31164f61be35ac9e999bd2"
url = "https://github.com/rclone/rclone/releases/download/v1.74.3/rclone-v1.74.3-linux-amd64.zip"

[tools.rclone."platforms.macos-arm64"]
checksum = "sha256:33a435ab17023b686918ce9a3975aceb75fe1796c694f38f1993024be1f063f5"
url = "https://github.com/rclone/rclone/releases/download/v1.74.3/rclone-v1.74.3-osx-arm64.zip"

[tools.rclone."platforms.macos-x64"]
checksum = "sha256:417cabd402d57806d597bd0ba8fb33a434ca8c2a1a5aa98de5a0bd4b52b39202"
url = "https://github.com/rclone/rclone/releases/download/v1.74.3/rclone-v1.74.3-osx-amd64.zip"

[tools.rclone."platforms.windows-x64"]
checksum = "sha256:ecb0ed9006e0d1a693757007716a11dab6c2cde6dac3f2fd87da962eaa73d11d"
url = "https://github.com/rclone/rclone/releases/download/v1.74.3/rclone-v1.74.3-windows-amd64.zip"

[[tools.regctl]]
version = "0.11.5"
backend = "aqua:regclient/regclient/regctl"

[tools.regctl."platforms.linux-arm64"]
checksum = "sha256:c4cf231e74cda685f1599f3d866b02b03c572e54b79ec8b062f32070b0ba4587"
url = "https://github.com/regclient/regclient/releases/download/v0.11.5/regctl-linux-arm64"

[tools.regctl."platforms.linux-arm64-musl"]
checksum = "sha256:c4cf231e74cda685f1599f3d866b02b03c572e54b79ec8b062f32070b0ba4587"
url = "https://github.com/regclient/regclient/releases/download/v0.11.5/regctl-linux-arm64"

[tools.regctl."platforms.linux-x64"]
checksum = "sha256:c93aa7638749f5aaac1a8e01787321889c78f0101809bb2880343478d0ba0467"
url = "https://github.com/regclient/regclient/releases/download/v0.11.5/regctl-linux-amd64"

[tools.regctl."platforms.linux-x64-musl"]
checksum = "sha256:c93aa7638749f5aaac1a8e01787321889c78f0101809bb2880343478d0ba0467"
url = "https://github.com/regclient/regclient/releases/download/v0.11.5/regctl-linux-amd64"

[tools.regctl."platforms.macos-arm64"]
checksum = "sha256:f4d536d64d0c3cc1db7400902175a1c314675991d22e87e15c319501a2676d3f"
url = "https://github.com/regclient/regclient/releases/download/v0.11.5/regctl-darwin-arm64"

[tools.regctl."platforms.macos-x64"]
checksum = "sha256:c132fdddda68b9c7584ac19f3b40cd17f71916c2bca8182270ebe65b55198a12"
url = "https://github.com/regclient/regclient/releases/download/v0.11.5/regctl-darwin-amd64"

[tools.regctl."platforms.windows-x64"]
checksum = "sha256:9b83975d464e4ee5a9f899a3ead26072ed67e9a8ed0f582897bfad8141b45938"
url = "https://github.com/regclient/regclient/releases/download/v0.11.5/regctl-windows-amd64.exe"

[[tools.regsync]]
version = "0.11.5"
backend = "aqua:regclient/regclient/regsync"

[tools.regsync."platforms.linux-arm64"]
checksum = "sha256:1d00b80fcd63b6544d2b66578db667741eb94fc43f8f2c2c3d307565cc2aa184"
url = "https://github.com/regclient/regclient/releases/download/v0.11.5/regsync-linux-arm64"

[tools.regsync."platforms.linux-arm64-musl"]
checksum = "sha256:1d00b80fcd63b6544d2b66578db667741eb94fc43f8f2c2c3d307565cc2aa184"
url = "https://github.com/regclient/regclient/releases/download/v0.11.5/regsync-linux-arm64"

[tools.regsync."platforms.linux-x64"]
checksum = "sha256:486d5fcac076e31837864632446de22519d88101db4a4b4cfaa4ee3350e41606"
url = "https://github.com/regclient/regclient/releases/download/v0.11.5/regsync-linux-amd64"

[tools.regsync."platforms.linux-x64-musl"]
checksum = "sha256:486d5fcac076e31837864632446de22519d88101db4a4b4cfaa4ee3350e41606"
url = "https://github.com/regclient/regclient/releases/download/v0.11.5/regsync-linux-amd64"

[tools.regsync."platforms.macos-arm64"]
checksum = "sha256:5ab9ce683989cbff615e33c3e49140fe6c1f2ea20228eecd5683736ab5f9ec18"
url = "https://github.com/regclient/regclient/releases/download/v0.11.5/regsync-darwin-arm64"

[tools.regsync."platforms.macos-x64"]
checksum = "sha256:f7a2ec78abbbe328e51265a6435f1eebc2ff44f57e15d2c770db968683594d06"
url = "https://github.com/regclient/regclient/releases/download/v0.11.5/regsync-darwin-amd64"

[tools.regsync."platforms.windows-x64"]
checksum = "sha256:a5d41ce2bfcb384a5551b88927a3aebd78b90abb8d07ae2f4a0e22c44a61cbef"
url = "https://github.com/regclient/regclient/releases/download/v0.11.5/regsync-windows-amd64.exe"

[[tools.restic]]
version = "0.19.0"
backend = "aqua:restic/restic"

[tools.restic."platforms.linux-arm64"]
checksum = "sha256:e522ce6bf748d753fee8093e8ec59359972cf5b6bc65fc7c7cf38ae952351d91"
url = "https://github.com/restic/restic/releases/download/v0.19.0/restic_0.19.0_linux_arm64.bz2"

[tools.restic."platforms.linux-arm64-musl"]
checksum = "sha256:e522ce6bf748d753fee8093e8ec59359972cf5b6bc65fc7c7cf38ae952351d91"
url = "https://github.com/restic/restic/releases/download/v0.19.0/restic_0.19.0_linux_arm64.bz2"

[tools.restic."platforms.linux-x64"]
checksum = "sha256:13176fe6d89d4357947a2cd107218ab2873a5f9d8e1ac2d4cd1c8e07e6839c21"
url = "https://github.com/restic/restic/releases/download/v0.19.0/restic_0.19.0_linux_amd64.bz2"

[tools.restic."platforms.linux-x64-musl"]
checksum = "sha256:13176fe6d89d4357947a2cd107218ab2873a5f9d8e1ac2d4cd1c8e07e6839c21"
url = "https://github.com/restic/restic/releases/download/v0.19.0/restic_0.19.0_linux_amd64.bz2"

[tools.restic."platforms.macos-arm64"]
checksum = "sha256:1475397bf759ef4be16a77b19dec650bdbfec00d2cacd82005553411cdd37997"
url = "https://github.com/restic/restic/releases/download/v0.19.0/restic_0.19.0_darwin_arm64.bz2"

[tools.restic."platforms.macos-x64"]
checksum = "sha256:c9d9a71234bc0955fdba6da93cc9375f8793ec1e1cbce77a91014d536a969148"
url = "https://github.com/restic/restic/releases/download/v0.19.0/restic_0.19.0_darwin_amd64.bz2"

[tools.restic."platforms.windows-x64"]
checksum = "sha256:6fa4219a70b1b5d1c429bb106a7f97f3d2a5aab74494db2e490b625edc486d8f"
url = "https://github.com/restic/restic/releases/download/v0.19.0/restic_0.19.0_windows_amd64.zip"

[[tools.usage]]
version = "3.5.3"
backend = "aqua:jdx/usage"

[tools.usage."platforms.linux-arm64"]
checksum = "sha256:c5ee535f65cadca0a0883ce0073095e1a12fc749224a79a13d57e38cbcc88dd4"
url = "https://github.com/jdx/usage/releases/download/v3.5.3/usage-aarch64-unknown-linux-musl.tar.gz"

[tools.usage."platforms.linux-arm64-musl"]
checksum = "sha256:c5ee535f65cadca0a0883ce0073095e1a12fc749224a79a13d57e38cbcc88dd4"
url = "https://github.com/jdx/usage/releases/download/v3.5.3/usage-aarch64-unknown-linux-musl.tar.gz"

[tools.usage."platforms.linux-x64"]
checksum = "sha256:678114d182273bc8a1316f3528f1f8ded047ed56b41b822656de7046e16a6deb"
url = "https://github.com/jdx/usage/releases/download/v3.5.3/usage-x86_64-unknown-linux-musl.tar.gz"

[tools.usage."platforms.linux-x64-musl"]
checksum = "sha256:678114d182273bc8a1316f3528f1f8ded047ed56b41b822656de7046e16a6deb"
url = "https://github.com/jdx/usage/releases/download/v3.5.3/usage-x86_64-unknown-linux-musl.tar.gz"

[tools.usage."platforms.macos-arm64"]
checksum = "sha256:dc6628015c420f0e0384c95999266ca74dc19de8279b4d54667844286cf8fa13"
url = "https://github.com/jdx/usage/releases/download/v3.5.3/usage-universal-apple-darwin.tar.gz"

[tools.usage."platforms.macos-x64"]
checksum = "sha256:dc6628015c420f0e0384c95999266ca74dc19de8279b4d54667844286cf8fa13"
url = "https://github.com/jdx/usage/releases/download/v3.5.3/usage-universal-apple-darwin.tar.gz"

[tools.usage."platforms.windows-x64"]
checksum = "sha256:3cd7995171854518873f84bf60be17c8e331cad1ca180e03911fac414a7a6372"
url = "https://github.com/jdx/usage/releases/download/v3.5.3/usage-x86_64-pc-windows-msvc.zip"
