# @generated - this file is auto-generated by `mise lock` https://mise.en.dev/dev-tools/mise-lock.html

[[tools."github:marcusbuffett/pipe-rename"]]
version = "1.6.7"
backend = "github:marcusbuffett/pipe-rename"

[tools."github:marcusbuffett/pipe-rename"."platforms.linux-arm64"]
checksum = "sha256:c14ca01f9bde931e986dd21b14df5286684e0f34d8e30307c3307ccf3eb8add1"
url = "https://github.com/marcusbuffett/pipe-rename/releases/download/1.6.7/renamer-1.6.7-aarch64-unknown-linux-gnu"
url_api = "https://api.github.com/repos/marcusbuffett/pipe-rename/releases/assets/359580073"

[tools."github:marcusbuffett/pipe-rename"."platforms.linux-arm64-musl"]
checksum = "sha256:c14ca01f9bde931e986dd21b14df5286684e0f34d8e30307c3307ccf3eb8add1"
url = "https://github.com/marcusbuffett/pipe-rename/releases/download/1.6.7/renamer-1.6.7-aarch64-unknown-linux-gnu"
url_api = "https://api.github.com/repos/marcusbuffett/pipe-rename/releases/assets/359580073"

[tools."github:marcusbuffett/pipe-rename"."platforms.linux-x64"]
checksum = "sha256:9b7ef567a5638dd2117a0ad222371a63cbd64a8709100ffc4e333f137044abf8"
url = "https://github.com/marcusbuffett/pipe-rename/releases/download/1.6.7/renamer-1.6.7-x86_64-unknown-linux-musl"
url_api = "https://api.github.com/repos/marcusbuffett/pipe-rename/releases/assets/359580084"

[tools."github:marcusbuffett/pipe-rename"."platforms.linux-x64-musl"]
checksum = "sha256:9b7ef567a5638dd2117a0ad222371a63cbd64a8709100ffc4e333f137044abf8"
url = "https://github.com/marcusbuffett/pipe-rename/releases/download/1.6.7/renamer-1.6.7-x86_64-unknown-linux-musl"
url_api = "https://api.github.com/repos/marcusbuffett/pipe-rename/releases/assets/359580084"

[tools."github:marcusbuffett/pipe-rename"."platforms.macos-arm64"]
checksum = "sha256:f9760f75aae366b70060697ece1c0bb8fa864013f5a8217156a844a180fb29c9"
url = "https://github.com/marcusbuffett/pipe-rename/releases/download/1.6.7/renamer-1.6.7-aarch64-apple-darwin"
url_api = "https://api.github.com/repos/marcusbuffett/pipe-rename/releases/assets/359580029"

[tools."github:marcusbuffett/pipe-rename"."platforms.macos-x64"]
checksum = "sha256:65f385dd17a54b187a22e55397f8effff52e878a33afcaf12d0a1ee4799efb3b"
url = "https://github.com/marcusbuffett/pipe-rename/releases/download/1.6.7/renamer-1.6.7-x86_64-apple-darwin"
url_api = "https://api.github.com/repos/marcusbuffett/pipe-rename/releases/assets/359580041"

[tools."github:marcusbuffett/pipe-rename"."platforms.windows-x64"]
checksum = "sha256:cd0769a503c129711e38787ebc38200b2f2c487c90dccc0e4159934e3d5e2bfd"
url = "https://github.com/marcusbuffett/pipe-rename/releases/download/1.6.7/renamer-1.6.7-x86_64-pc-windows-msvc.exe"
url_api = "https://api.github.com/repos/marcusbuffett/pipe-rename/releases/assets/359580367"

[[tools.rclone]]
version = "1.75.1"
backend = "aqua:rclone/rclone"

[tools.rclone."platforms.linux-arm64"]
checksum = "sha256:03f2504174034b6d004152ed7369251c9a9ec1f7e0836eda420f5c7a5ec0dff9"
url = "https://github.com/rclone/rclone/releases/download/v1.75.1/rclone-v1.75.1-linux-arm64.zip"
url_api = "https://api.github.com/repos/rclone/rclone/releases/assets/544639310"

[tools.rclone."platforms.linux-arm64-musl"]
checksum = "sha256:03f2504174034b6d004152ed7369251c9a9ec1f7e0836eda420f5c7a5ec0dff9"
url = "https://github.com/rclone/rclone/releases/download/v1.75.1/rclone-v1.75.1-linux-arm64.zip"
url_api = "https://api.github.com/repos/rclone/rclone/releases/assets/544639310"

[tools.rclone."platforms.linux-x64"]
checksum = "sha256:982b5aa772841168f8e380f139e9e787b2a105403e32b94da8676a0e1c0a13ab"
url = "https://github.com/rclone/rclone/releases/download/v1.75.1/rclone-v1.75.1-linux-amd64.zip"
url_api = "https://api.github.com/repos/rclone/rclone/releases/assets/544638482"

[tools.rclone."platforms.linux-x64-musl"]
checksum = "sha256:982b5aa772841168f8e380f139e9e787b2a105403e32b94da8676a0e1c0a13ab"
url = "https://github.com/rclone/rclone/releases/download/v1.75.1/rclone-v1.75.1-linux-amd64.zip"
url_api = "https://api.github.com/repos/rclone/rclone/releases/assets/544638482"

[tools.rclone."platforms.macos-arm64"]
checksum = "sha256:c61d7a371c62bcbbe882c3423aa4b8bf63485c248dd0f692997b8f0c3f6d0c6f"
url = "https://github.com/rclone/rclone/releases/download/v1.75.1/rclone-v1.75.1-osx-arm64.zip"
url_api = "https://api.github.com/repos/rclone/rclone/releases/assets/544645575"

[tools.rclone."platforms.macos-x64"]
checksum = "sha256:29253d0288b8fbbac46baad6e5f6add6cb01d462c79f10805bbd4631c4cdf82c"
url = "https://github.com/rclone/rclone/releases/download/v1.75.1/rclone-v1.75.1-osx-amd64.zip"
url_api = "https://api.github.com/repos/rclone/rclone/releases/assets/544645299"

[tools.rclone."platforms.windows-x64"]
checksum = "sha256:200eb602c126d82aa38b51e0f6b9ae837473ff99b51278d3f6f837574c494d6e"
url = "https://github.com/rclone/rclone/releases/download/v1.75.1/rclone-v1.75.1-windows-amd64.zip"
url_api = "https://api.github.com/repos/rclone/rclone/releases/assets/544647178"

[[tools.usage]]
version = "6.7.1"
backend = "aqua:jdx/usage"

[tools.usage."platforms.linux-arm64"]
checksum = "sha256:a50aa71d5c859242a9e2b8a4bd2a0bdb171b990f6e746b899f33b05c43435754"
url = "https://github.com/jdx/usage/releases/download/v6.7.1/usage-aarch64-unknown-linux-gnu.tar.gz"
url_api = "https://api.github.com/repos/jdx/usage/releases/assets/546276509"

[tools.usage."platforms.linux-arm64-musl"]
checksum = "sha256:0c0be5f174219b753fe3f2ef163a85791f8cdf4b8718e41cf0d22734b41c4e93"
url = "https://github.com/jdx/usage/releases/download/v6.7.1/usage-aarch64-unknown-linux-musl.tar.gz"
url_api = "https://api.github.com/repos/jdx/usage/releases/assets/546276824"

[tools.usage."platforms.linux-x64"]
checksum = "sha256:799ac850dffa11705c9ace5faf5b12c43da297310cb3950f2316eb7582cd8e84"
url = "https://github.com/jdx/usage/releases/download/v6.7.1/usage-x86_64-unknown-linux-gnu.tar.gz"
url_api = "https://api.github.com/repos/jdx/usage/releases/assets/546276448"

[tools.usage."platforms.linux-x64-musl"]
checksum = "sha256:a70fd80a609b64f70b380650dd8b3890ea31a6cd054cdf8a8867b0a6cf9bdedb"
url = "https://github.com/jdx/usage/releases/download/v6.7.1/usage-x86_64-unknown-linux-musl.tar.gz"
url_api = "https://api.github.com/repos/jdx/usage/releases/assets/546276832"

[tools.usage."platforms.macos-arm64"]
checksum = "sha256:7c9d4a3b575a9b3bed6a211aed8a080a287bf376e01ae3f1edcd4d6af4dc038f"
url = "https://github.com/jdx/usage/releases/download/v6.7.1/usage-universal-apple-darwin.tar.gz"
url_api = "https://api.github.com/repos/jdx/usage/releases/assets/546276594"

[tools.usage."platforms.macos-x64"]
checksum = "sha256:7c9d4a3b575a9b3bed6a211aed8a080a287bf376e01ae3f1edcd4d6af4dc038f"
url = "https://github.com/jdx/usage/releases/download/v6.7.1/usage-universal-apple-darwin.tar.gz"
url_api = "https://api.github.com/repos/jdx/usage/releases/assets/546276594"

[tools.usage."platforms.windows-x64"]
checksum = "sha256:8e106b9b98dc6f789cc11b00bf9d438884128ebc4b94d0fc115e13c466c02260"
url = "https://github.com/jdx/usage/releases/download/v6.7.1/usage-x86_64-pc-windows-msvc.zip"
url_api = "https://api.github.com/repos/jdx/usage/releases/assets/546280317"
