# @generated - this file is auto-generated by `mise lock` https://mise.en.dev/dev-tools/mise-lock.html

[[tools."github:marcusbuffett/pipe-rename"]]
version = "1.6.7"
backend = "github:marcusbuffett/pipe-rename"

[tools."github:marcusbuffett/pipe-rename"."platforms.linux-arm64"]
checksum = "sha256:c14ca01f9bde931e986dd21b14df5286684e0f34d8e30307c3307ccf3eb8add1"
url = "https://github.com/marcusbuffett/pipe-rename/releases/download/1.6.7/renamer-1.6.7-aarch64-unknown-linux-gnu"
url_api = "https://api.github.com/repos/marcusbuffett/pipe-rename/releases/assets/359580073"

[tools."github:marcusbuffett/pipe-rename"."platforms.linux-arm64-musl"]
checksum = "sha256:c14ca01f9bde931e986dd21b14df5286684e0f34d8e30307c3307ccf3eb8add1"
url = "https://github.com/marcusbuffett/pipe-rename/releases/download/1.6.7/renamer-1.6.7-aarch64-unknown-linux-gnu"
url_api = "https://api.github.com/repos/marcusbuffett/pipe-rename/releases/assets/359580073"

[tools."github:marcusbuffett/pipe-rename"."platforms.linux-x64"]
checksum = "sha256:9b7ef567a5638dd2117a0ad222371a63cbd64a8709100ffc4e333f137044abf8"
url = "https://github.com/marcusbuffett/pipe-rename/releases/download/1.6.7/renamer-1.6.7-x86_64-unknown-linux-musl"
url_api = "https://api.github.com/repos/marcusbuffett/pipe-rename/releases/assets/359580084"

[tools."github:marcusbuffett/pipe-rename"."platforms.linux-x64-musl"]
checksum = "sha256:9b7ef567a5638dd2117a0ad222371a63cbd64a8709100ffc4e333f137044abf8"
url = "https://github.com/marcusbuffett/pipe-rename/releases/download/1.6.7/renamer-1.6.7-x86_64-unknown-linux-musl"
url_api = "https://api.github.com/repos/marcusbuffett/pipe-rename/releases/assets/359580084"

[tools."github:marcusbuffett/pipe-rename"."platforms.macos-arm64"]
checksum = "sha256:f9760f75aae366b70060697ece1c0bb8fa864013f5a8217156a844a180fb29c9"
url = "https://github.com/marcusbuffett/pipe-rename/releases/download/1.6.7/renamer-1.6.7-aarch64-apple-darwin"
url_api = "https://api.github.com/repos/marcusbuffett/pipe-rename/releases/assets/359580029"

[tools."github:marcusbuffett/pipe-rename"."platforms.macos-x64"]
checksum = "sha256:65f385dd17a54b187a22e55397f8effff52e878a33afcaf12d0a1ee4799efb3b"
url = "https://github.com/marcusbuffett/pipe-rename/releases/download/1.6.7/renamer-1.6.7-x86_64-apple-darwin"
url_api = "https://api.github.com/repos/marcusbuffett/pipe-rename/releases/assets/359580041"

[tools."github:marcusbuffett/pipe-rename"."platforms.windows-x64"]
checksum = "sha256:cd0769a503c129711e38787ebc38200b2f2c487c90dccc0e4159934e3d5e2bfd"
url = "https://github.com/marcusbuffett/pipe-rename/releases/download/1.6.7/renamer-1.6.7-x86_64-pc-windows-msvc.exe"
url_api = "https://api.github.com/repos/marcusbuffett/pipe-rename/releases/assets/359580367"

[[tools.rclone]]
version = "1.75.1"
backend = "aqua:rclone/rclone"

[tools.rclone."platforms.linux-arm64"]
checksum = "sha256:03f2504174034b6d004152ed7369251c9a9ec1f7e0836eda420f5c7a5ec0dff9"
url = "https://github.com/rclone/rclone/releases/download/v1.75.1/rclone-v1.75.1-linux-arm64.zip"
url_api = "https://api.github.com/repos/rclone/rclone/releases/assets/544639310"

[tools.rclone."platforms.linux-arm64-musl"]
checksum = "sha256:03f2504174034b6d004152ed7369251c9a9ec1f7e0836eda420f5c7a5ec0dff9"
url = "https://github.com/rclone/rclone/releases/download/v1.75.1/rclone-v1.75.1-linux-arm64.zip"
url_api = "https://api.github.com/repos/rclone/rclone/releases/assets/544639310"

[tools.rclone."platforms.linux-x64"]
checksum = "sha256:982b5aa772841168f8e380f139e9e787b2a105403e32b94da8676a0e1c0a13ab"
url = "https://github.com/rclone/rclone/releases/download/v1.75.1/rclone-v1.75.1-linux-amd64.zip"
url_api = "https://api.github.com/repos/rclone/rclone/releases/assets/544638482"

[tools.rclone."platforms.linux-x64-musl"]
checksum = "sha256:982b5aa772841168f8e380f139e9e787b2a105403e32b94da8676a0e1c0a13ab"
url = "https://github.com/rclone/rclone/releases/download/v1.75.1/rclone-v1.75.1-linux-amd64.zip"
url_api = "https://api.github.com/repos/rclone/rclone/releases/assets/544638482"

[tools.rclone."platforms.macos-arm64"]
checksum = "sha256:c61d7a371c62bcbbe882c3423aa4b8bf63485c248dd0f692997b8f0c3f6d0c6f"
url = "https://github.com/rclone/rclone/releases/download/v1.75.1/rclone-v1.75.1-osx-arm64.zip"
url_api = "https://api.github.com/repos/rclone/rclone/releases/assets/544645575"

[tools.rclone."platforms.macos-x64"]
checksum = "sha256:29253d0288b8fbbac46baad6e5f6add6cb01d462c79f10805bbd4631c4cdf82c"
url = "https://github.com/rclone/rclone/releases/download/v1.75.1/rclone-v1.75.1-osx-amd64.zip"
url_api = "https://api.github.com/repos/rclone/rclone/releases/assets/544645299"

[tools.rclone."platforms.windows-x64"]
checksum = "sha256:200eb602c126d82aa38b51e0f6b9ae837473ff99b51278d3f6f837574c494d6e"
url = "https://github.com/rclone/rclone/releases/download/v1.75.1/rclone-v1.75.1-windows-amd64.zip"
url_api = "https://api.github.com/repos/rclone/rclone/releases/assets/544647178"

[[tools.usage]]
version = "6.9.1"
backend = "packslip:github.com/jdx/usage"

[tools.usage."platforms.linux-arm64"]
checksum = "sha256:d4b65dfac2073007bb77cc8d9248900b59d4388eaaa73eb6137c8faba0ff030f"
url = "https://github.com/jdx/usage/releases/download/v6.9.1/usage-aarch64-unknown-linux-gnu.tar.gz"
signer = "sigstore-oidc:https://github.com/jdx/usage/.github/workflows/publish-cli.yml"

[tools.usage."platforms.linux-arm64-musl"]
checksum = "sha256:313143922a8ce05214ef4b55b9ae0f7ff5585da966bba65224c7bab3428c5aef"
url = "https://github.com/jdx/usage/releases/download/v6.9.1/usage-aarch64-unknown-linux-musl.tar.gz"
signer = "sigstore-oidc:https://github.com/jdx/usage/.github/workflows/publish-cli.yml"

[tools.usage."platforms.linux-x64"]
checksum = "sha256:8e1cafb10fe2ddee8c18076c09dea4c89ee2d25ac2c0ec5158fda5b8d4e02222"
url = "https://github.com/jdx/usage/releases/download/v6.9.1/usage-x86_64-unknown-linux-gnu.tar.gz"
signer = "sigstore-oidc:https://github.com/jdx/usage/.github/workflows/publish-cli.yml"

[tools.usage."platforms.linux-x64-musl"]
checksum = "sha256:3132b763f01e3cd346ebfedeff2e4e78f9a098eec1f3754b6db4ccfcda79aaf2"
url = "https://github.com/jdx/usage/releases/download/v6.9.1/usage-x86_64-unknown-linux-musl.tar.gz"
signer = "sigstore-oidc:https://github.com/jdx/usage/.github/workflows/publish-cli.yml"

[tools.usage."platforms.macos-arm64"]
checksum = "sha256:ddbb2c29ec16aca2cb44e0b0f64ba204b603ec50ed773ffda3db723e9aae73fe"
url = "https://github.com/jdx/usage/releases/download/v6.9.1/usage-universal-apple-darwin.tar.gz"
signer = "sigstore-oidc:https://github.com/jdx/usage/.github/workflows/publish-cli.yml"

[tools.usage."platforms.macos-x64"]
checksum = "sha256:ddbb2c29ec16aca2cb44e0b0f64ba204b603ec50ed773ffda3db723e9aae73fe"
url = "https://github.com/jdx/usage/releases/download/v6.9.1/usage-universal-apple-darwin.tar.gz"
signer = "sigstore-oidc:https://github.com/jdx/usage/.github/workflows/publish-cli.yml"

[tools.usage."platforms.windows-x64"]
checksum = "sha256:932008a3f68f0b72fb2012443980d04b01029af9ba2d31a5af0601a76e7e5870"
url = "https://github.com/jdx/usage/releases/download/v6.9.1/usage-x86_64-pc-windows-msvc.zip"
signer = "sigstore-oidc:https://github.com/jdx/usage/.github/workflows/publish-cli.yml"
